{
  "lockfile_version": "1",
  "packages": {
    "github:NixOS/nixpkgs/nixpkgs-unstable": {
      "last_modified": "2026-09-05T11:43:56Z",
      "resolved": "github:NixOS/nixpkgs/0af3d1402dec3fc7e93635e511d1f7428c89cebf?lastModified=1788608636&narHash=sha256-RqeFOwW329f4i1f5QlJgQYwgEZvxIHJsUYlzIBxsKsY%3D"
    },
    "spring-boot-cli": {
      "resolved": "github:NixOS/nixpkgs/0af3d1402dec3fc7e93635e511d1f7428c89cebf?narHash=sha256-RqeFOwW329f4i1f5QlJgQYwgEZvxIHJsUYlzIBxsKsY%3D#spring-boot-cli",
      "source": "nixpkg"
    },
    "temurin-bin@21": {
      "last_modified": "2025-10-22T20:59:19Z",
      "resolved": "github:NixOS/nixpkgs/01b6809f7f9d1183a2b3e081f0a1e6f8f415cb09#temurin-bin",
      "source": "devbox-search",
      "version": "21.0.8",
      "systems": {
        "aarch64-darwin": {
          "outputs": [
            {
              "name": "out",
              "path": "/nix/store/x39311498bh7sb2ag1fjikgv7i0ll5qb-temurin-bin-21.0.8",
              "default": true
            }
          ],
          "store_path": "/nix/store/x39311498bh7sb2ag1fjikgv7i0ll5qb-temurin-bin-21.0.8"
        },
        "aarch64-linux": {
          "outputs": [
            {
              "name": "out",
              "path": "/nix/store/3q60g6x4qf2wfvbalnyx1510n9gwbd5j-temurin-bin-21.0.8",
              "default": true
            }
          ],
          "store_path": "/nix/store/3q60g6x4qf2wfvbalnyx1510n9gwbd5j-temurin-bin-21.0.8"
        },
        "x86_64-darwin": {
          "outputs": [
            {
              "name": "out",
              "path": "/nix/store/q0y2plx55rmhyqbindyfg01xwjj45da6-temurin-bin-21.0.8",
              "default": true
            }
          ],
          "store_path": "/nix/store/q0y2plx55rmhyqbindyfg01xwjj45da6-temurin-bin-21.0.8"
        },
        "x86_64-linux": {
          "outputs": [
            {
              "name": "out",
              "path": "/nix/store/x1f6yd37mb7lfp61xh585vrfjs3cgw99-temurin-bin-21.0.8",
              "default": true
            }
          ],
          "store_path": "/nix/store/x1f6yd37mb7lfp61xh585vrfjs3cgw99-temurin-bin-21.0.8"
        }
      }
    }
  }
}
